
Microsoft Visual Studio Solution File, Format Version 12.00
# Visual Studio 14
VisualStudioVersion = 14.0.25420.1
MinimumVisualStudioVersion = 10.0.40219.1
Project("{FAE04EC0-301F-11D3-BF4B-00C04F79EFBC}") = "CallingAddInRestEndpointFromSharepoint", "CallingAddInRestEndpointFromSharepoint\CallingAddInRestEndpointFromSharepoint.csproj", "{AF49551B-99B2-4825-9F54-D150EC272120}"
EndProject
Project("{FAE04EC0-301F-11D3-BF4B-00C04F79EFBC}") = "CallingAddInRestEndpointFromSharepointWeb", "CallingAddInRestEndpointFromSharepointWeb\CallingAddInRestEndpointFromSharepointWeb.csproj", "{5826198C-5922-442E-8537-A2E0DB5970B6}"
EndProject
Global
	GlobalSection(SolutionConfigurationPlatforms) = preSolution
		Debug|Any CPU = Debug|Any CPU
		Release|Any CPU = Release|Any CPU
	EndGlobalSection
	GlobalSection(ProjectConfigurationPlatforms) = postSolution
		{AF49551B-99B2-4825-9F54-D150EC272120}.Debug|Any CPU.ActiveCfg = Debug|Any CPU
		{AF49551B-99B2-4825-9F54-D150EC272120}.Debug|Any CPU.Build.0 = Debug|Any CPU
		{AF49551B-99B2-4825-9F54-D150EC272120}.Debug|Any CPU.Deploy.0 = Debug|Any CPU
		{AF49551B-99B2-4825-9F54-D150EC272120}.Release|Any CPU.ActiveCfg = Release|Any CPU
		{AF49551B-99B2-4825-9F54-D150EC272120}.Release|Any CPU.Build.0 = Release|Any CPU
		{AF49551B-99B2-4825-9F54-D150EC272120}.Release|Any CPU.Deploy.0 = Release|Any CPU
		{5826198C-5922-442E-8537-A2E0DB5970B6}.Debug|Any CPU.ActiveCfg = Debug|Any CPU
		{5826198C-5922-442E-8537-A2E0DB5970B6}.Debug|Any CPU.Build.0 = Debug|Any CPU
		{5826198C-5922-442E-8537-A2E0DB5970B6}.Release|Any CPU.ActiveCfg = Release|Any CPU
		{5826198C-5922-442E-8537-A2E0DB5970B6}.Release|Any CPU.Build.0 = Release|Any CPU
	EndGlobalSection
	GlobalSection(SolutionProperties) = preSolution
		HideSolutionNode = FALSE
	EndGlobalSection
EndGlobal
